
Microsoft Visual Studio Solution File, Format Version 12.00
# Visual Studio Version 17
VisualStudioVersion = 17.0.31903.59
MinimumVisualStudioVersion = 10.0.40219.1
Project("{2150E333-8FDC-42A3-9474-1A3956D46DE8}") = "test", "test", "{C43A3957-2BE7-46C8-91DE-7E47D8B16BB5}"
EndProject
Project("{FAE04EC0-301F-11D3-BF4B-00C04F79EFBC}") = "Application.Test", "test\Application.Test\Application.Test.csproj", "{B0A67387-FAC3-42A9-B68F-09B18B40678D}"
EndProject
Project("{2150E333-8FDC-42A3-9474-1A3956D46DE8}") = "src", "src", "{0A864D89-C1A5-4FC6-9C9F-A49E4222B245}"
EndProject
Project("{FAE04EC0-301F-11D3-BF4B-00C04F79EFBC}") = "Application", "src\Application\Application.csproj", "{819D4C3A-22B4-409C-80AA-783758E39DB3}"
EndProject
Global
	GlobalSection(SolutionConfigurationPlatforms) = preSolution
		Debug|Any CPU = Debug|Any CPU
		Release|Any CPU = Release|Any CPU
	EndGlobalSection
	GlobalSection(SolutionProperties) = preSolution
		HideSolutionNode = FALSE
	EndGlobalSection
	GlobalSection(ProjectConfigurationPlatforms) = postSolution
		{B0A67387-FAC3-42A9-B68F-09B18B40678D}.Debug|Any CPU.ActiveCfg = Debug|Any CPU
		{B0A67387-FAC3-42A9-B68F-09B18B40678D}.Debug|Any CPU.Build.0 = Debug|Any CPU
		{B0A67387-FAC3-42A9-B68F-09B18B40678D}.Release|Any CPU.ActiveCfg = Release|Any CPU
		{B0A67387-FAC3-42A9-B68F-09B18B40678D}.Release|Any CPU.Build.0 = Release|Any CPU
		{819D4C3A-22B4-409C-80AA-783758E39DB3}.Debug|Any CPU.ActiveCfg = Debug|Any CPU
		{819D4C3A-22B4-409C-80AA-783758E39DB3}.Debug|Any CPU.Build.0 = Debug|Any CPU
		{819D4C3A-22B4-409C-80AA-783758E39DB3}.Release|Any CPU.ActiveCfg = Release|Any CPU
		{819D4C3A-22B4-409C-80AA-783758E39DB3}.Release|Any CPU.Build.0 = Release|Any CPU
	EndGlobalSection
	GlobalSection(NestedProjects) = preSolution
		{B0A67387-FAC3-42A9-B68F-09B18B40678D} = {C43A3957-2BE7-46C8-91DE-7E47D8B16BB5}
		{819D4C3A-22B4-409C-80AA-783758E39DB3} = {0A864D89-C1A5-4FC6-9C9F-A49E4222B245}
	EndGlobalSection
EndGlobal
